
Microsoft Visual Studio Solution File, Format Version 12.00
# Visual Studio 15
VisualStudioVersion = 15.0.28307.168
MinimumVisualStudioVersion = 10.0.40219.1
Project("{FAE04EC0-301F-11D3-BF4B-00C04F79EFBC}") = "LinkedLists", "ConsoleApp1\LinkedLists.csproj", "{F626ABC9-52AA-4D98-BB9F-8E62096850BA}"
EndProject
Global
	GlobalSection(SolutionConfigurationPlatforms) = preSolution
		Debug|Any CPU = Debug|Any CPU
		Release|Any CPU = Release|Any CPU
	EndGlobalSection
	GlobalSection(ProjectConfigurationPlatforms) = postSolution
		{F626ABC9-52AA-4D98-BB9F-8E62096850BA}.Debug|Any CPU.ActiveCfg = Debug|Any CPU
		{F626ABC9-52AA-4D98-BB9F-8E62096850BA}.Debug|Any CPU.Build.0 = Debug|Any CPU
		{F626ABC9-52AA-4D98-BB9F-8E62096850BA}.Release|Any CPU.ActiveCfg = Release|Any CPU
		{F626ABC9-52AA-4D98-BB9F-8E62096850BA}.Release|Any CPU.Build.0 = Release|Any CPU
	EndGlobalSection
	GlobalSection(SolutionProperties) = preSolution
		HideSolutionNode = FALSE
	EndGlobalSection
	GlobalSection(ExtensibilityGlobals) = postSolution
		SolutionGuid = {CE549563-8674-4ABE-9342-9F04929456BE}
	EndGlobalSection
EndGlobal
